// !$*UTF8*$!
{
	archiveVersion = 1;
	classes = {
	};
	objectVersion = 54;
	objects = {

/* Begin PBXBuildFile section */
		13B07FBF1A68108700A75B9A /* Images.xcassets in Resources */ = {isa = PBXBuildFile; fileRef = 13B07FB51A68108700A75B9A /* Images.xcassets */; };
		2CDBABFD42E2B3310B2FE852 /* libPods-ExpoWidgetsTarget.a in Frameworks */ = {isa = PBXBuildFile; fileRef = D663B9A8D06036A0C1157F6F /* libPods-ExpoWidgetsTarget.a */; };
		38E27042B6455664806BEDC0 /* ExpoModulesProvider.swift in Sources */ = {isa = PBXBuildFile; fileRef = DE586FCA5C994D4E9A4EF29A /* ExpoModulesProvider.swift */; };
		3E461D99554A48A4959DE609 /* SplashScreen.storyboard in Resources */ = {isa = PBXBuildFile; fileRef = AA286B85B6C04FC6940260E9 /* SplashScreen.storyboard */; };
		535897A9B1131A152D1608BE /* ExpoModulesProvider.swift in Sources */ = {isa = PBXBuildFile; fileRef = ADB9B7F584999994C2D49559 /* ExpoModulesProvider.swift */; };
		62D0C69C518E421085347D84 /* ExpoWidgetsTarget.appex in Embed Foundation Extensions */ = {isa = PBXBuildFile; fileRef = 90F0EA3CEB564C5B8C5ACCC1 /* ExpoWidgetsTarget.appex */; };
		B1EEB8AF68EBFEA9913981AB /* PrivacyInfo.xcprivacy in Resources */ = {isa = PBXBuildFile; fileRef = FD72B279ED33D5CDABF72D5E /* PrivacyInfo.xcprivacy */; };
		BB2F792D24A3F905000567C9 /* Expo.plist in Resources */ = {isa = PBXBuildFile; fileRef = BB2F792C24A3F905000567C9 /* Expo.plist */; };
		E76C6E6609F6FBE6E6E5C959 /* libPods-ReadMateAI.a in Frameworks */ = {isa = PBXBuildFile; fileRef = 2D6C0DA53597ECE1B517C48F /* libPods-ReadMateAI.a */; };
		EA1850B1E9E5422896E9EC90 /* index.swift in Sources */ = {isa = PBXBuildFile; fileRef = CFD76BF2859E45FFBC2D476F /* index.swift */; };
		F11748422D0307B40044C1D9 /* AppDelegate.swift in Sources */ = {isa = PBXBuildFile; fileRef = F11748412D0307B40044C1D9 /* AppDelegate.swift */; };
/* End PBXBuildFile section */

/* Begin PBXContainerItemProxy section */
		BC5DD309370B4DDB9B1205AC /* PBXContainerItemProxy */ = {
			isa = PBXContainerItemProxy;
			containerPortal = 83CBB9F71A601CBA00E9B192 /* Project object */;
			proxyType = 1;
			remoteGlobalIDString = 1FE958DF477B4100B06F94CF;
			remoteInfo = ExpoWidgetsTarget;
		};
/* End PBXContainerItemProxy section */

/* Begin PBXCopyFilesBuildPhase section */
		259A980131E145EF8247E23A /* Embed Foundation Extensions */ = {
			isa = PBXCopyFilesBuildPhase;
			buildActionMask = 2147483647;
			dstPath = "";
			dstSubfolderSpec = 13;
			files = (
				62D0C69C518E421085347D84 /* ExpoWidgetsTarget.appex in Embed Foundation Extensions */,
			);
			name = "Embed Foundation Extensions";
			runOnlyForDeploymentPostprocessing = 0;
		};
/* End PBXCopyFilesBuildPhase section */

/* Begin PBXFileReference section */
		13B07F961A680F5B00A75B9A /* ReadMateAI.app */ = {isa = PBXFileReference; explicitFileType = wrapper.application; includeInIndex = 0; path = ReadMateAI.app; sourceTree = BUILT_PRODUCTS_DIR; };
		13B07FB51A68108700A75B9A /* Images.xcassets */ = {isa = PBXFileReference; lastKnownFileType = folder.assetcatalog; name = Images.xcassets; path = ReadMateAI/Images.xcassets; sourceTree = "<group>"; };
		13B07FB61A68108700A75B9A /* Info.plist */ = {isa = PBXFileReference; fileEncoding = 4; lastKnownFileType = text.plist.xml; name = Info.plist; path = ReadMateAI/Info.plist; sourceTree = "<group>"; };
		2BB457AC2A7198DD95F4C81D /* Pods-ExpoWidgetsTarget.debug.xcconfig */ = {isa = PBXFileReference; includeInIndex = 1; lastKnownFileType = text.xcconfig; name = "Pods-ExpoWidgetsTarget.debug.xcconfig"; path = "Target Support Files/Pods-ExpoWidgetsTarget/Pods-ExpoWidgetsTarget.debug.xcconfig"; sourceTree = "<group>"; };
		2D6C0DA53597ECE1B517C48F /* libPods-ReadMateAI.a */ = {isa = PBXFileReference; explicitFileType = archive.ar; includeInIndex = 0; path = "libPods-ReadMateAI.a"; sourceTree = BUILT_PRODUCTS_DIR; };
		8EC2EA0305674CEAB91B6D69 /* ExpoWidgetsTarget.entitlements */ = {isa = PBXFileReference; explicitFileType = undefined; fileEncoding = undefined; includeInIndex = 0; lastKnownFileType = unknown; name = ExpoWidgetsTarget.entitlements; path = ExpoWidgetsTarget.entitlements; sourceTree = "<group>"; };
		90F0EA3CEB564C5B8C5ACCC1 /* ExpoWidgetsTarget.appex */ = {isa = PBXFileReference; explicitFileType = "wrapper.app-extension"; fileEncoding = undefined; includeInIndex = 0; lastKnownFileType = undefined; name = ExpoWidgetsTarget.appex; path = ExpoWidgetsTarget.appex; sourceTree = BUILT_PRODUCTS_DIR; };
		A4AE57A2F57E6923183DC92A /* Pods-ReadMateAI.debug.xcconfig */ = {isa = PBXFileReference; includeInIndex = 1; lastKnownFileType = text.xcconfig; name = "Pods-ReadMateAI.debug.xcconfig"; path = "Target Support Files/Pods-ReadMateAI/Pods-ReadMateAI.debug.xcconfig"; sourceTree = "<group>"; };
		AA286B85B6C04FC6940260E9 /* SplashScreen.storyboard */ = {isa = PBXFileReference; fileEncoding = 4; lastKnownFileType = file.storyboard; name = SplashScreen.storyboard; path = ReadMateAI/SplashScreen.storyboard; sourceTree = "<group>"; };
		AAA1FC09543D2D15C8D4DE55 /* Pods-ReadMateAI.release.xcconfig */ = {isa = PBXFileReference; includeInIndex = 1; lastKnownFileType = text.xcconfig; name = "Pods-ReadMateAI.release.xcconfig"; path = "Target Support Files/Pods-ReadMateAI/Pods-ReadMateAI.release.xcconfig"; sourceTree = "<group>"; };
		ADB9B7F584999994C2D49559 /* ExpoModulesProvider.swift */ = {isa = PBXFileReference; includeInIndex = 1; lastKnownFileType = sourcecode.swift; name = ExpoModulesProvider.swift; path = "Pods/Target Support Files/Pods-ReadMateAI/ExpoModulesProvider.swift"; sourceTree = "<group>"; };
		BB2F792C24A3F905000567C9 /* Expo.plist */ = {isa = PBXFileReference; fileEncoding = 4; lastKnownFileType = text.plist.xml; path = Expo.plist; sourceTree = "<group>"; };
		CFD76BF2859E45FFBC2D476F /* index.swift */ = {isa = PBXFileReference; explicitFileType = undefined; fileEncoding = 4; includeInIndex = 0; lastKnownFileType = sourcecode.swift; name = index.swift; path = index.swift; sourceTree = "<group>"; };
		D663B9A8D06036A0C1157F6F /* libPods-ExpoWidgetsTarget.a */ = {isa = PBXFileReference; explicitFileType = archive.ar; includeInIndex = 0; path = "libPods-ExpoWidgetsTarget.a"; sourceTree = BUILT_PRODUCTS_DIR; };
		D814BBB8DB7C455386C70AAA /* Info.plist */ = {isa = PBXFileReference; explicitFileType = undefined; fileEncoding = 4; includeInIndex = 0; lastKnownFileType = text.plist.xml; name = Info.plist; path = Info.plist; sourceTree = "<group>"; };
		DE586FCA5C994D4E9A4EF29A /* ExpoModulesProvider.swift */ = {isa = PBXFileReference; includeInIndex = 1; lastKnownFileType = sourcecode.swift; name = ExpoModulesProvider.swift; path = "Pods/Target Support Files/Pods-ExpoWidgetsTarget/ExpoModulesProvider.swift"; sourceTree = "<group>"; };
		E68EE8CC46A3F5C1E894A5D7 /* Pods-ExpoWidgetsTarget.release.xcconfig */ = {isa = PBXFileReference; includeInIndex = 1; lastKnownFileType = text.xcconfig; name = "Pods-ExpoWidgetsTarget.release.xcconfig"; path = "Target Support Files/Pods-ExpoWidgetsTarget/Pods-ExpoWidgetsTarget.release.xcconfig"; sourceTree = "<group>"; };
		ED297162215061F000B7C4FE /* JavaScriptCore.framework */ = {isa = PBXFileReference; lastKnownFileType = wrapper.framework; name = JavaScriptCore.framework; path = System/Library/Frameworks/JavaScriptCore.framework; sourceTree = SDKROOT; };
		F11748412D0307B40044C1D9 /* AppDelegate.swift */ = {isa = PBXFileReference; lastKnownFileType = sourcecode.swift; name = AppDelegate.swift; path = ReadMateAI/AppDelegate.swift; sourceTree = "<group>"; };
		F11748442D0722820044C1D9 /* ReadMateAI-Bridging-Header.h */ = {isa = PBXFileReference; lastKnownFileType = sourcecode.c.h; name = "ReadMateAI-Bridging-Header.h"; path = "ReadMateAI/ReadMateAI-Bridging-Header.h"; sourceTree = "<group>"; };
		FD72B279ED33D5CDABF72D5E /* PrivacyInfo.xcprivacy */ = {isa = PBXFileReference; includeInIndex = 1; name = PrivacyInfo.xcprivacy; path = ReadMateAI/PrivacyInfo.xcprivacy; sourceTree = "<group>"; };
/* End PBXFileReference section */

/* Begin PBXFrameworksBuildPhase section */
		13B07F8C1A680F5B00A75B9A /* Frameworks */ = {
			isa = PBXFrameworksBuildPhase;
			buildActionMask = 2147483647;
			files = (
				E76C6E6609F6FBE6E6E5C959 /* libPods-ReadMateAI.a in Frameworks */,
			);
			runOnlyForDeploymentPostprocessing = 0;
		};
		D6D38954174B4E9DB693898E /* Frameworks */ = {
			isa = PBXFrameworksBuildPhase;
			buildActionMask = 2147483647;
			files = (
				2CDBABFD42E2B3310B2FE852 /* libPods-ExpoWidgetsTarget.a in Frameworks */,
			);
			runOnlyForDeploymentPostprocessing = 0;
		};
/* End PBXFrameworksBuildPhase section */

/* Begin PBXGroup section */
		13B07FAE1A68108700A75B9A /* ReadMateAI */ = {
			isa = PBXGroup;
			children = (
				F11748412D0307B40044C1D9 /* AppDelegate.swift */,
				F11748442D0722820044C1D9 /* ReadMateAI-Bridging-Header.h */,
				BB2F792B24A3F905000567C9 /* Supporting */,
				13B07FB51A68108700A75B9A /* Images.xcassets */,
				13B07FB61A68108700A75B9A /* Info.plist */,
				AA286B85B6C04FC6940260E9 /* SplashScreen.storyboard */,
				FD72B279ED33D5CDABF72D5E /* PrivacyInfo.xcprivacy */,
			);
			name = ReadMateAI;
			sourceTree = "<group>";
		};
		2D16E6871FA4F8E400B85C8A /* Frameworks */ = {
			isa = PBXGroup;
			children = (
				ED297162215061F000B7C4FE /* JavaScriptCore.framework */,
				2D6C0DA53597ECE1B517C48F /* libPods-ReadMateAI.a */,
				D663B9A8D06036A0C1157F6F /* libPods-ExpoWidgetsTarget.a */,
			);
			name = Frameworks;
			sourceTree = "<group>";
		};
		345EB32331CF47C88DC0D8E9 /* ExpoModulesProviders */ = {
			isa = PBXGroup;
			children = (
				C871284287D05F5C3133400F /* ReadMateAI */,
				78DAF1ADC9635E5D95FE846B /* ExpoWidgetsTarget */,
			);
			name = ExpoModulesProviders;
			sourceTree = "<group>";
		};
		449E5D18FC194FD9AD299022 /* ExpoWidgetsTarget */ = {
			isa = PBXGroup;
			children = (
				8EC2EA0305674CEAB91B6D69 /* ExpoWidgetsTarget.entitlements */,
				D814BBB8DB7C455386C70AAA /* Info.plist */,
				CFD76BF2859E45FFBC2D476F /* index.swift */,
			);
			name = ExpoWidgetsTarget;
			path = ExpoWidgetsTarget;
			sourceTree = "<group>";
		};
		78DAF1ADC9635E5D95FE846B /* ExpoWidgetsTarget */ = {
			isa = PBXGroup;
			children = (
				DE586FCA5C994D4E9A4EF29A /* ExpoModulesProvider.swift */,
			);
			name = ExpoWidgetsTarget;
			sourceTree = "<group>";
		};
		832341AE1AAA6A7D00B99B32 /* Libraries */ = {
			isa = PBXGroup;
			children = (
			);
			name = Libraries;
			sourceTree = "<group>";
		};
		83CBB9F61A601CBA00E9B192 = {
			isa = PBXGroup;
			children = (
				13B07FAE1A68108700A75B9A /* ReadMateAI */,
				832341AE1AAA6A7D00B99B32 /* Libraries */,
				83CBBA001A601CBA00E9B192 /* Products */,
				2D16E6871FA4F8E400B85C8A /* Frameworks */,
				DD3B928253C5C2E3597CE14F /* Pods */,
				345EB32331CF47C88DC0D8E9 /* ExpoModulesProviders */,
				449E5D18FC194FD9AD299022 /* ExpoWidgetsTarget */,
			);
			indentWidth = 2;
			sourceTree = "<group>";
			tabWidth = 2;
			usesTabs = 0;
		};
		83CBBA001A601CBA00E9B192 /* Products */ = {
			isa = PBXGroup;
			children = (
				13B07F961A680F5B00A75B9A /* ReadMateAI.app */,
				90F0EA3CEB564C5B8C5ACCC1 /* ExpoWidgetsTarget.appex */,
			);
			name = Products;
			sourceTree = "<group>";
		};
		BB2F792B24A3F905000567C9 /* Supporting */ = {
			isa = PBXGroup;
			children = (
				BB2F792C24A3F905000567C9 /* Expo.plist */,
			);
			name = Supporting;
			path = ReadMateAI/Supporting;
			sourceTree = "<group>";
		};
		C871284287D05F5C3133400F /* ReadMateAI */ = {
			isa = PBXGroup;
			children = (
				ADB9B7F584999994C2D49559 /* ExpoModulesProvider.swift */,
			);
			name = ReadMateAI;
			sourceTree = "<group>";
		};
		DD3B928253C5C2E3597CE14F /* Pods */ = {
			isa = PBXGroup;
			children = (
				A4AE57A2F57E6923183DC92A /* Pods-ReadMateAI.debug.xcconfig */,
				AAA1FC09543D2D15C8D4DE55 /* Pods-ReadMateAI.release.xcconfig */,
				2BB457AC2A7198DD95F4C81D /* Pods-ExpoWidgetsTarget.debug.xcconfig */,
				E68EE8CC46A3F5C1E894A5D7 /* Pods-ExpoWidgetsTarget.release.xcconfig */,
			);
			name = Pods;
			path = Pods;
			sourceTree = "<group>";
		};
/* End PBXGroup section */

/* Begin PBXNativeTarget section */
		13B07F861A680F5B00A75B9A /* ReadMateAI */ = {
			isa = PBXNativeTarget;
			buildConfigurationList = 13B07F931A680F5B00A75B9A /* Build configuration list for PBXNativeTarget "ReadMateAI" */;
			buildPhases = (
				08A4A3CD28434E44B6B9DE2E /* [CP] Check Pods Manifest.lock */,
				847739CC8E308D82F1EB7987 /* [Expo] Configure project */,
				13B07F871A680F5B00A75B9A /* Sources */,
				13B07F8C1A680F5B00A75B9A /* Frameworks */,
				13B07F8E1A680F5B00A75B9A /* Resources */,
				00DD1BFF1BD5951E006B06BC /* Bundle React Native code and images */,
				800E24972A6A228C8D4807E9 /* [CP] Copy Pods Resources */,
				886E50CDBAF6492D2253A0E9 /* [CP] Embed Pods Frameworks */,
				CCC31E8106F2149FAD476BE7 /* Clear extended attributes before signing */,
				259A980131E145EF8247E23A /* Embed Foundation Extensions */,
			);
			buildRules = (
			);
			dependencies = (
				511B2F808E324FD996893D98 /* PBXTargetDependency */,
			);
			name = ReadMateAI;
			productName = ReadMateAI;
			productReference = 13B07F961A680F5B00A75B9A /* ReadMateAI.app */;
			productType = "com.apple.product-type.application";
		};
		1FE958DF477B4100B06F94CF /* ExpoWidgetsTarget */ = {
			isa = PBXNativeTarget;
			buildConfigurationList = 432A6BB717814BCD8F06AEDF /* Build configuration list for PBXNativeTarget "ExpoWidgetsTarget" */;
			buildPhases = (
				EEC0787720F0EDD44DF2FBE8 /* [CP] Check Pods Manifest.lock */,
				F0A970F43EF80294FCAC7B5F /* [Expo] Configure project */,
				2A01FBC219614A3FAEAB2158 /* Sources */,
				D6D38954174B4E9DB693898E /* Frameworks */,
				F1E2300BB92901598A3EEF98 /* [CP] Copy Pods Resources */,
			);
			buildRules = (
			);
			dependencies = (
			);
			name = ExpoWidgetsTarget;
			productName = ExpoWidgetsTarget;
			productReference = 90F0EA3CEB564C5B8C5ACCC1 /* ExpoWidgetsTarget.appex */;
			productType = "com.apple.product-type.app-extension";
		};
/* End PBXNativeTarget section */

/* Begin PBXProject section */
		83CBB9F71A601CBA00E9B192 /* Project object */ = {
			isa = PBXProject;
			attributes = {
				LastUpgradeCheck = 1130;
				TargetAttributes = {
					13B07F861A680F5B00A75B9A = {
						DevelopmentTeam = 29V892SJNN;
						LastSwiftMigration = 1250;
						ProvisioningStyle = Automatic;
					};
					1FE958DF477B4100B06F94CF = {
						DevelopmentTeam = 29V892SJNN;
						LastSwiftMigration = 1250;
						ProvisioningStyle = Automatic;
					};
				};
			};
			buildConfigurationList = 83CBB9FA1A601CBA00E9B192 /* Build configuration list for PBXProject "ReadMateAI" */;
			compatibilityVersion = "Xcode 3.2";
			developmentRegion = en;
			hasScannedForEncodings = 0;
			knownRegions = (
				en,
				Base,
			);
			mainGroup = 83CBB9F61A601CBA00E9B192;
			productRefGroup = 83CBBA001A601CBA00E9B192 /* Products */;
			projectDirPath = "";
			projectRoot = "";
			targets = (
				13B07F861A680F5B00A75B9A /* ReadMateAI */,
				1FE958DF477B4100B06F94CF /* ExpoWidgetsTarget */,
			);
		};
/* End PBXProject section */

/* Begin PBXResourcesBuildPhase section */
		13B07F8E1A680F5B00A75B9A /* Resources */ = {
			isa = PBXResourcesBuildPhase;
			buildActionMask = 2147483647;
			files = (
				BB2F792D24A3F905000567C9 /* Expo.plist in Resources */,
				13B07FBF1A68108700A75B9A /* Images.xcassets in Resources */,
				3E461D99554A48A4959DE609 /* SplashScreen.storyboard in Resources */,
				B1EEB8AF68EBFEA9913981AB /* PrivacyInfo.xcprivacy in Resources */,
			);
			runOnlyForDeploymentPostprocessing = 0;
		};
/* End PBXResourcesBuildPhase section */

/* Begin PBXShellScriptBuildPhase section */
		00DD1BFF1BD5951E006B06BC /* Bundle React Native code and images */ = {
			isa = PBXShellScriptBuildPhase;
			alwaysOutOfDate = 1;
			buildActionMask = 2147483647;
			files = (
			);
			inputPaths = (
				"$(SRCROOT)/.xcode.env",
				"$(SRCROOT)/.xcode.env.local",
			);
			name = "Bundle React Native code and images";
			outputPaths = (
			);
			runOnlyForDeploymentPostprocessing = 0;
			shellPath = /bin/sh;
			shellScript = "if [[ -f \"$PODS_ROOT/../.xcode.env\" ]]; then\n  source \"$PODS_ROOT/../.xcode.env\"\nfi\nif [[ -f \"$PODS_ROOT/../.xcode.env.local\" ]]; then\n  source \"$PODS_ROOT/../.xcode.env.local\"\nfi\n\n# The project root by default is one level up from the ios directory\nexport PROJECT_ROOT=\"$PROJECT_DIR\"/..\n\nif [[ \"$CONFIGURATION\" = *Debug* ]]; then\n  export SKIP_BUNDLING=1\nfi\nif [[ -z \"$ENTRY_FILE\" ]]; then\n  # Set the entry JS file using the bundler's entry resolution.\n  export ENTRY_FILE=\"$(\"$NODE_BINARY\" -e \"require('expo/scripts/resolveAppEntry')\" \"$PROJECT_ROOT\" ios absolute | tail -n 1)\"\nfi\n\nif [[ -z \"$CLI_PATH\" ]]; then\n  # Use Expo CLI\n  export CLI_PATH=\"$(\"$NODE_BINARY\" --print \"require.resolve('@expo/cli', { paths: [require.resolve('expo/package.json')] })\")\"\nfi\nif [[ -z \"$BUNDLE_COMMAND\" ]]; then\n  # Default Expo CLI command for bundling\n  export BUNDLE_COMMAND=\"export:embed\"\nfi\n\n# Source .xcode.env.updates if it exists to allow\n# SKIP_BUNDLING to be unset if needed\nif [[ -f \"$PODS_ROOT/../.xcode.env.updates\" ]]; then\n  source \"$PODS_ROOT/../.xcode.env.updates\"\nfi\n# Source local changes to allow overrides\n# if needed\nif [[ -f \"$PODS_ROOT/../.xcode.env.local\" ]]; then\n  source \"$PODS_ROOT/../.xcode.env.local\"\nfi\n\n`\"$NODE_BINARY\" --print \"require('path').dirname(require.resolve('react-native/package.json')) + '/scripts/react-native-xcode.sh'\"`\n\n";
		};
		08A4A3CD28434E44B6B9DE2E /* [CP] Check Pods Manifest.lock */ = {
			isa = PBXShellScriptBuildPhase;
			buildActionMask = 2147483647;
			files = (
			);
			inputFileListPaths = (
			);
			inputPaths = (
				"${PODS_PODFILE_DIR_PATH}/Podfile.lock",
				"${PODS_ROOT}/Manifest.lock",
			);
			name = "[CP] Check Pods Manifest.lock";
			outputFileListPaths = (
			);
			outputPaths = (
				"$(DERIVED_FILE_DIR)/Pods-ReadMateAI-checkManifestLockResult.txt",
			);
			runOnlyForDeploymentPostprocessing = 0;
			shellPath = /bin/sh;
			shellScript = "diff \"${PODS_PODFILE_DIR_PATH}/Podfile.lock\" \"${PODS_ROOT}/Manifest.lock\" > /dev/null\nif [ $? != 0 ] ; then\n    # print error to STDERR\n    echo \"error: The sandbox is not in sync with the Podfile.lock. Run 'pod install' or update your CocoaPods installation.\" >&2\n    exit 1\nfi\n# This output is used by Xcode 'outputs' to avoid re-running this script phase.\necho \"SUCCESS\" > \"${SCRIPT_OUTPUT_FILE_0}\"\n";
			showEnvVarsInLog = 0;
		};
		800E24972A6A228C8D4807E9 /* [CP] Copy Pods Resources */ = {
			isa = PBXShellScriptBuildPhase;
			buildActionMask = 2147483647;
			files = (
			);
			inputPaths = (
				"${PODS_ROOT}/Target Support Files/Pods-ReadMateAI/Pods-ReadMateAI-resources.sh",
				"${PODS_CONFIGURATION_BUILD_DIR}/AppAuth/AppAuthCore_Privacy.bundle",
				"${PODS_CONFIGURATION_BUILD_DIR}/EXApplication/ExpoApplication_privacy.bundle",
				"${PODS_CONFIGURATION_BUILD_DIR}/EXConstants/EXConstants.bundle",
				"${PODS_CONFIGURATION_BUILD_DIR}/EXConstants/ExpoConstants_privacy.bundle",
				"${PODS_CONFIGURATION_BUILD_DIR}/ExpoFileSystem/ExpoFileSystem_privacy.bundle",
				"${PODS_CONFIGURATION_BUILD_DIR}/ExpoSystemUI/ExpoSystemUI_privacy.bundle",
				"${PODS_CONFIGURATION_BUILD_DIR}/ExpoWidgets/ExpoWidgets.bundle",
				"${PODS_CONFIGURATION_BUILD_DIR}/GTMAppAuth/GTMAppAuth_Privacy.bundle",
				"${PODS_CONFIGURATION_BUILD_DIR}/GTMSessionFetcher/GTMSessionFetcher_Core_Privacy.bundle",
				"${PODS_CONFIGURATION_BUILD_DIR}/GoogleSignIn/GoogleSignIn.bundle",
				"${PODS_CONFIGURATION_BUILD_DIR}/GoogleUtilities/GoogleUtilities_Privacy.bundle",
				"${PODS_CONFIGURATION_BUILD_DIR}/PromisesObjC/FBLPromises_Privacy.bundle",
				"${PODS_CONFIGURATION_BUILD_DIR}/PromisesSwift/Promises_Privacy.bundle",
				"${PODS_CONFIGURATION_BUILD_DIR}/PurchasesHybridCommon/PurchasesHybridCommon.bundle",
				"${PODS_CONFIGURATION_BUILD_DIR}/RCT-Folly/RCT-Folly_privacy.bundle",
				"${PODS_CONFIGURATION_BUILD_DIR}/React-Core/React-Core_privacy.bundle",
				"${PODS_CONFIGURATION_BUILD_DIR}/React-cxxreact/React-cxxreact_privacy.bundle",
				"${PODS_CONFIGURATION_BUILD_DIR}/RevenueCat/RevenueCat.bundle",
				"${PODS_CONFIGURATION_BUILD_DIR}/boost/boost_privacy.bundle",
				"${PODS_CONFIGURATION_BUILD_DIR}/glog/glog_privacy.bundle",
			);
			name = "[CP] Copy Pods Resources";
			outputPaths = (
				"${TARGET_BUILD_DIR}/${UNLOCALIZED_RESOURCES_FOLDER_PATH}/AppAuthCore_Privacy.bundle",
				"${TARGET_BUILD_DIR}/${UNLOCALIZED_RESOURCES_FOLDER_PATH}/ExpoApplication_privacy.bundle",
				"${TARGET_BUILD_DIR}/${UNLOCALIZED_RESOURCES_FOLDER_PATH}/EXConstants.bundle",
				"${TARGET_BUILD_DIR}/${UNLOCALIZED_RESOURCES_FOLDER_PATH}/ExpoConstants_privacy.bundle",
				"${TARGET_BUILD_DIR}/${UNLOCALIZED_RESOURCES_FOLDER_PATH}/ExpoFileSystem_privacy.bundle",
				"${TARGET_BUILD_DIR}/${UNLOCALIZED_RESOURCES_FOLDER_PATH}/ExpoSystemUI_privacy.bundle",
				"${TARGET_BUILD_DIR}/${UNLOCALIZED_RESOURCES_FOLDER_PATH}/ExpoWidgets.bundle",
				"${TARGET_BUILD_DIR}/${UNLOCALIZED_RESOURCES_FOLDER_PATH}/GTMAppAuth_Privacy.bundle",
				"${TARGET_BUILD_DIR}/${UNLOCALIZED_RESOURCES_FOLDER_PATH}/GTMSessionFetcher_Core_Privacy.bundle",
				"${TARGET_BUILD_DIR}/${UNLOCALIZED_RESOURCES_FOLDER_PATH}/GoogleSignIn.bundle",
				"${TARGET_BUILD_DIR}/${UNLOCALIZED_RESOURCES_FOLDER_PATH}/GoogleUtilities_Privacy.bundle",
				"${TARGET_BUILD_DIR}/${UNLOCALIZED_RESOURCES_FOLDER_PATH}/FBLPromises_Privacy.bundle",
				"${TARGET_BUILD_DIR}/${UNLOCALIZED_RESOURCES_FOLDER_PATH}/Promises_Privacy.bundle",
				"${TARGET_BUILD_DIR}/${UNLOCALIZED_RESOURCES_FOLDER_PATH}/PurchasesHybridCommon.bundle",
				"${TARGET_BUILD_DIR}/${UNLOCALIZED_RESOURCES_FOLDER_PATH}/RCT-Folly_privacy.bundle",
				"${TARGET_BUILD_DIR}/${UNLOCALIZED_RESOURCES_FOLDER_PATH}/React-Core_privacy.bundle",
				"${TARGET_BUILD_DIR}/${UNLOCALIZED_RESOURCES_FOLDER_PATH}/React-cxxreact_privacy.bundle",
				"${TARGET_BUILD_DIR}/${UNLOCALIZED_RESOURCES_FOLDER_PATH}/RevenueCat.bundle",
				"${TARGET_BUILD_DIR}/${UNLOCALIZED_RESOURCES_FOLDER_PATH}/boost_privacy.bundle",
				"${TARGET_BUILD_DIR}/${UNLOCALIZED_RESOURCES_FOLDER_PATH}/glog_privacy.bundle",
			);
			runOnlyForDeploymentPostprocessing = 0;
			shellPath = /bin/sh;
			shellScript = "\"${PODS_ROOT}/Target Support Files/Pods-ReadMateAI/Pods-ReadMateAI-resources.sh\"\n";
			showEnvVarsInLog = 0;
		};
		847739CC8E308D82F1EB7987 /* [Expo] Configure project */ = {
			isa = PBXShellScriptBuildPhase;
			alwaysOutOfDate = 1;
			buildActionMask = 2147483647;
			files = (
			);
			inputFileListPaths = (
			);
			inputPaths = (
				"$(SRCROOT)/.xcode.env",
				"$(SRCROOT)/.xcode.env.local",
				"$(SRCROOT)/ReadMateAI/ReadMateAI.entitlements",
				"$(SRCROOT)/Pods/Target Support Files/Pods-ReadMateAI/expo-configure-project.sh",
			);
			name = "[Expo] Configure project";
			outputFileListPaths = (
			);
			outputPaths = (
				"$(SRCROOT)/Pods/Target Support Files/Pods-ReadMateAI/ExpoModulesProvider.swift",
			);
			runOnlyForDeploymentPostprocessing = 0;
			shellPath = /bin/sh;
			shellScript = "# This script configures Expo modules and generates the modules provider file.\nbash -l -c \"./Pods/Target\\ Support\\ Files/Pods-ReadMateAI/expo-configure-project.sh\"\n";
		};
		886E50CDBAF6492D2253A0E9 /* [CP] Embed Pods Frameworks */ = {
			isa = PBXShellScriptBuildPhase;
			buildActionMask = 2147483647;
			files = (
			);
			inputPaths = (
				"${PODS_ROOT}/Target Support Files/Pods-ReadMateAI/Pods-ReadMateAI-frameworks.sh",
				"${PODS_XCFRAMEWORKS_BUILD_DIR}/ExpoModulesJSI/ExpoModulesJSI.framework/ExpoModulesJSI",
				"${PODS_XCFRAMEWORKS_BUILD_DIR}/hermes-engine/Pre-built/hermesvm.framework/hermesvm",
			);
			name = "[CP] Embed Pods Frameworks";
			outputPaths = (
				"${TARGET_BUILD_DIR}/${FRAMEWORKS_FOLDER_PATH}/ExpoModulesJSI.framework",
				"${TARGET_BUILD_DIR}/${FRAMEWORKS_FOLDER_PATH}/hermesvm.framework",
			);
			runOnlyForDeploymentPostprocessing = 0;
			shellPath = /bin/sh;
			shellScript = "\"${PODS_ROOT}/Target Support Files/Pods-ReadMateAI/Pods-ReadMateAI-frameworks.sh\"\n";
			showEnvVarsInLog = 0;
		};
		CCC31E8106F2149FAD476BE7 /* Clear extended attributes before signing */ = {
			isa = PBXShellScriptBuildPhase;
			buildActionMask = 2147483647;
			files = (
			);
			inputFileListPaths = (
			);
			inputPaths = (
			);
			name = "Clear extended attributes before signing";
			outputFileListPaths = (
			);
			outputPaths = (
			);
			runOnlyForDeploymentPostprocessing = 0;
			shellPath = /bin/sh;
			shellScript = "APP_PATH=\"${TARGET_BUILD_DIR}/${FULL_PRODUCT_NAME}\"\nif [ -d \"$APP_PATH\" ]; then\n  echo \"Removing extended attributes from $APP_PATH\"\n  /usr/bin/xattr -cr \"$APP_PATH\" 2>/dev/null || true\n  find \"$APP_PATH\" -exec /usr/bin/xattr -c {} \\; 2>/dev/null || true\n  /usr/bin/xattr -d com.apple.FinderInfo \"$APP_PATH\" 2>/dev/null || true\n  /usr/bin/xattr -d 'com.apple.fileprovider.fpfs#P' \"$APP_PATH\" 2>/dev/null || true\n  find \"$APP_PATH\" -name '._*' -delete 2>/dev/null || true\nfi\n";
		};
		EEC0787720F0EDD44DF2FBE8 /* [CP] Check Pods Manifest.lock */ = {
			isa = PBXShellScriptBuildPhase;
			buildActionMask = 2147483647;
			files = (
			);
			inputFileListPaths = (
			);
			inputPaths = (
				"${PODS_PODFILE_DIR_PATH}/Podfile.lock",
				"${PODS_ROOT}/Manifest.lock",
			);
			name = "[CP] Check Pods Manifest.lock";
			outputFileListPaths = (
			);
			outputPaths = (
				"$(DERIVED_FILE_DIR)/Pods-ExpoWidgetsTarget-checkManifestLockResult.txt",
			);
			runOnlyForDeploymentPostprocessing = 0;
			shellPath = /bin/sh;
			shellScript = "diff \"${PODS_PODFILE_DIR_PATH}/Podfile.lock\" \"${PODS_ROOT}/Manifest.lock\" > /dev/null\nif [ $? != 0 ] ; then\n    # print error to STDERR\n    echo \"error: The sandbox is not in sync with the Podfile.lock. Run 'pod install' or update your CocoaPods installation.\" >&2\n    exit 1\nfi\n# This output is used by Xcode 'outputs' to avoid re-running this script phase.\necho \"SUCCESS\" > \"${SCRIPT_OUTPUT_FILE_0}\"\n";
			showEnvVarsInLog = 0;
		};
		F0A970F43EF80294FCAC7B5F /* [Expo] Configure project */ = {
			isa = PBXShellScriptBuildPhase;
			alwaysOutOfDate = 1;
			buildActionMask = 2147483647;
			files = (
			);
			inputFileListPaths = (
			);
			inputPaths = (
				"$(SRCROOT)/.xcode.env",
				"$(SRCROOT)/.xcode.env.local",
				"$(SRCROOT)/ExpoWidgetsTarget/ExpoWidgetsTarget.entitlements",
				"$(SRCROOT)/Pods/Target Support Files/Pods-ExpoWidgetsTarget/expo-configure-project.sh",
			);
			name = "[Expo] Configure project";
			outputFileListPaths = (
			);
			outputPaths = (
				"$(SRCROOT)/Pods/Target Support Files/Pods-ExpoWidgetsTarget/ExpoModulesProvider.swift",
			);
			runOnlyForDeploymentPostprocessing = 0;
			shellPath = /bin/sh;
			shellScript = "# This script configures Expo modules and generates the modules provider file.\nbash -l -c \"./Pods/Target\\ Support\\ Files/Pods-ExpoWidgetsTarget/expo-configure-project.sh\"\n";
		};
		F1E2300BB92901598A3EEF98 /* [CP] Copy Pods Resources */ = {
			isa = PBXShellScriptBuildPhase;
			buildActionMask = 2147483647;
			files = (
			);
			inputPaths = (
				"${PODS_ROOT}/Target Support Files/Pods-ExpoWidgetsTarget/Pods-ExpoWidgetsTarget-resources.sh",
				"${PODS_CONFIGURATION_BUILD_DIR}/ExpoWidgets/ExpoWidgets.bundle",
				"${PODS_CONFIGURATION_BUILD_DIR}/RCT-Folly/RCT-Folly_privacy.bundle",
				"${PODS_CONFIGURATION_BUILD_DIR}/React-Core/React-Core_privacy.bundle",
				"${PODS_CONFIGURATION_BUILD_DIR}/React-cxxreact/React-cxxreact_privacy.bundle",
				"${PODS_CONFIGURATION_BUILD_DIR}/boost/boost_privacy.bundle",
				"${PODS_CONFIGURATION_BUILD_DIR}/glog/glog_privacy.bundle",
			);
			name = "[CP] Copy Pods Resources";
			outputPaths = (
				"${TARGET_BUILD_DIR}/${UNLOCALIZED_RESOURCES_FOLDER_PATH}/ExpoWidgets.bundle",
				"${TARGET_BUILD_DIR}/${UNLOCALIZED_RESOURCES_FOLDER_PATH}/RCT-Folly_privacy.bundle",
				"${TARGET_BUILD_DIR}/${UNLOCALIZED_RESOURCES_FOLDER_PATH}/React-Core_privacy.bundle",
				"${TARGET_BUILD_DIR}/${UNLOCALIZED_RESOURCES_FOLDER_PATH}/React-cxxreact_privacy.bundle",
				"${TARGET_BUILD_DIR}/${UNLOCALIZED_RESOURCES_FOLDER_PATH}/boost_privacy.bundle",
				"${TARGET_BUILD_DIR}/${UNLOCALIZED_RESOURCES_FOLDER_PATH}/glog_privacy.bundle",
			);
			runOnlyForDeploymentPostprocessing = 0;
			shellPath = /bin/sh;
			shellScript = "\"${PODS_ROOT}/Target Support Files/Pods-ExpoWidgetsTarget/Pods-ExpoWidgetsTarget-resources.sh\"\n";
			showEnvVarsInLog = 0;
		};
/* End PBXShellScriptBuildPhase section */

/* Begin PBXSourcesBuildPhase section */
		13B07F871A680F5B00A75B9A /* Sources */ = {
			isa = PBXSourcesBuildPhase;
			buildActionMask = 2147483647;
			files = (
				F11748422D0307B40044C1D9 /* AppDelegate.swift in Sources */,
				535897A9B1131A152D1608BE /* ExpoModulesProvider.swift in Sources */,
			);
			runOnlyForDeploymentPostprocessing = 0;
		};
		2A01FBC219614A3FAEAB2158 /* Sources */ = {
			isa = PBXSourcesBuildPhase;
			buildActionMask = 2147483647;
			files = (
				EA1850B1E9E5422896E9EC90 /* index.swift in Sources */,
				38E27042B6455664806BEDC0 /* ExpoModulesProvider.swift in Sources */,
			);
			runOnlyForDeploymentPostprocessing = 0;
		};
/* End PBXSourcesBuildPhase section */

/* Begin PBXTargetDependency section */
		511B2F808E324FD996893D98 /* PBXTargetDependency */ = {
			isa = PBXTargetDependency;
			target = 1FE958DF477B4100B06F94CF /* ExpoWidgetsTarget */;
			targetProxy = BC5DD309370B4DDB9B1205AC /* PBXContainerItemProxy */;
		};
/* End PBXTargetDependency section */

/* Begin XCBuildConfiguration section */
		13B07F941A680F5B00A75B9A /* Debug */ = {
			isa = XCBuildConfiguration;
			baseConfigurationReference = A4AE57A2F57E6923183DC92A /* Pods-ReadMateAI.debug.xcconfig */;
			buildSettings = {
				ASSETCATALOG_COMPILER_APPICON_NAME = AppIcon;
				CLANG_ENABLE_MODULES = YES;
				CODE_SIGN_ENTITLEMENTS = ReadMateAI/ReadMateAI.entitlements;
				CODE_SIGN_IDENTITY = "Apple Development";
				CODE_SIGN_STYLE = Automatic;
				CURRENT_PROJECT_VERSION = 116;
				DEVELOPMENT_TEAM = 29V892SJNN;
				ENABLE_BITCODE = NO;
				GCC_PREPROCESSOR_DEFINITIONS = (
					"$(inherited)",
					"FB_SONARKIT_ENABLED=1",
				);
				HERMES_CLI_PATH = "$(SRCROOT)/../../../node_modules/hermes-compiler/hermesc/osx-bin/hermesc";
				INFOPLIST_FILE = ReadMateAI/Info.plist;
				IPHONEOS_DEPLOYMENT_TARGET = 17.0;
				LD_RUNPATH_SEARCH_PATHS = (
					"$(inherited)",
					"@executable_path/Frameworks",
				);
				MACOSX_DEPLOYMENT_TARGET = 13.4;
				MARKETING_VERSION = 1.0.2;
				OTHER_LDFLAGS = (
					"$(inherited)",
					"-ObjC",
					"-lc++",
				);
				OTHER_SWIFT_FLAGS = "$(inherited) -D EXPO_CONFIGURATION_DEBUG";
				PRODUCT_BUNDLE_IDENTIFIER = ai.readmate.mobile;
				PRODUCT_NAME = ReadMate;
				SWIFT_OBJC_BRIDGING_HEADER = "ReadMateAI/ReadMateAI-Bridging-Header.h";
				SWIFT_OPTIMIZATION_LEVEL = "-Onone";
				SWIFT_VERSION = 5.0;
				TARGETED_DEVICE_FAMILY = "1,2";
				VERSIONING_SYSTEM = "apple-generic";
			};
			name = Debug;
		};
		13B07F951A680F5B00A75B9A /* Release */ = {
			isa = XCBuildConfiguration;
			baseConfigurationReference = AAA1FC09543D2D15C8D4DE55 /* Pods-ReadMateAI.release.xcconfig */;
			buildSettings = {
				ASSETCATALOG_COMPILER_APPICON_NAME = AppIcon;
				CLANG_ENABLE_MODULES = YES;
				CODE_SIGN_ENTITLEMENTS = ReadMateAI/ReadMateAI.entitlements;
				CODE_SIGN_IDENTITY = "Apple Development";
				"CODE_SIGN_IDENTITY[sdk=iphoneos*]" = "iPhone Distribution: Daniel Nortey (4KMU385H3M)";
				CODE_SIGN_STYLE = Manual;
				CURRENT_PROJECT_VERSION = 146;
				DEVELOPMENT_TEAM = 4KMU385H3M;
				HERMES_CLI_PATH = "$(SRCROOT)/../../../node_modules/hermes-compiler/hermesc/osx-bin/hermesc";
				INFOPLIST_FILE = ReadMateAI/Info.plist;
				IPHONEOS_DEPLOYMENT_TARGET = 17.0;
				LD_RUNPATH_SEARCH_PATHS = (
					"$(inherited)",
					"@executable_path/Frameworks",
				);
				MACOSX_DEPLOYMENT_TARGET = 13.4;
				MARKETING_VERSION = 1.0.2;
				OTHER_LDFLAGS = (
					"$(inherited)",
					"-ObjC",
					"-lc++",
				);
				OTHER_SWIFT_FLAGS = "$(inherited) -D EXPO_CONFIGURATION_RELEASE";
				PRODUCT_BUNDLE_IDENTIFIER = ai.readmate.mobile;
				PRODUCT_NAME = ReadMate;
				PROVISIONING_PROFILE_SPECIFIER = "*[expo] ai.readmate.mobile AppStore 2026-06-23T16:53:16.869Z";
				SWIFT_OBJC_BRIDGING_HEADER = "ReadMateAI/ReadMateAI-Bridging-Header.h";
				SWIFT_VERSION = 5.0;
				TARGETED_DEVICE_FAMILY = "1,2";
				VERSIONING_SYSTEM = "apple-generic";
			};
			name = Release;
		};
		2B6A1E911590497B931495BA /* Release */ = {
			isa = XCBuildConfiguration;
			baseConfigurationReference = E68EE8CC46A3F5C1E894A5D7 /* Pods-ExpoWidgetsTarget.release.xcconfig */;
			buildSettings = {
				APPLICATION_EXTENSION_API_ONLY = YES;
				CODE_SIGN_ENTITLEMENTS = ExpoWidgetsTarget/ExpoWidgetsTarget.entitlements;
				CODE_SIGN_IDENTITY = "Apple Development";
				"CODE_SIGN_IDENTITY[sdk=iphoneos*]" = "iPhone Distribution: Daniel Nortey (4KMU385H3M)";
				CODE_SIGN_STYLE = Manual;
				CURRENT_PROJECT_VERSION = 146;
				DEVELOPMENT_TEAM = 4KMU385H3M;
				GENERATE_INFOPLIST_FILE = YES;
				INFOPLIST_FILE = ExpoWidgetsTarget/Info.plist;
				INFOPLIST_KEY_CFBundleDisplayName = ExpoWidgetsTarget;
				INFOPLIST_KEY_NSHumanReadableCopyright = "";
				IPHONEOS_DEPLOYMENT_TARGET = 17.0;
				MARKETING_VERSION = 1.0.2;
				OTHER_SWIFT_FLAGS = "$(inherited) -D EXPO_CONFIGURATION_RELEASE";
				PRODUCT_BUNDLE_IDENTIFIER = ai.readmate.mobile.widgets;
				PRODUCT_NAME = "$(TARGET_NAME)";
				PROVISIONING_PROFILE_SPECIFIER = "*[expo] ai.readmate.mobile.widgets AppStore 2026-08-29";
				SWIFT_OPTIMIZATION_LEVEL = "-Onone";
				SWIFT_VERSION = 5.0;
				TARGETED_DEVICE_FAMILY = "1,2";
			};
			name = Release;
		};
		83CBBA201A601CBA00E9B192 /* Debug */ = {
			isa = XCBuildConfiguration;
			buildSettings = {
				ALWAYS_SEARCH_USER_PATHS = NO;
				CLANG_ANALYZER_LOCALIZABILITY_NONLOCALIZED = YES;
				CLANG_CXX_LANGUAGE_STANDARD = "c++20";
				CLANG_CXX_LIBRARY = "libc++";
				CLANG_ENABLE_MODULES = YES;
				CLANG_ENABLE_OBJC_ARC = YES;
				CLANG_WARN_BLOCK_CAPTURE_AUTORELEASING = YES;
				CLANG_WARN_BOOL_CONVERSION = YES;
				CLANG_WARN_COMMA = YES;
				CLANG_WARN_CONSTANT_CONVERSION = YES;
				CLANG_WARN_DEPRECATED_OBJC_IMPLEMENTATIONS = YES;
				CLANG_WARN_DIRECT_OBJC_ISA_USAGE = YES_ERROR;
				CLANG_WARN_EMPTY_BODY = YES;
				CLANG_WARN_ENUM_CONVERSION = YES;
				CLANG_WARN_INFINITE_RECURSION = YES;
				CLANG_WARN_INT_CONVERSION = YES;
				CLANG_WARN_NON_LITERAL_NULL_CONVERSION = YES;
				CLANG_WARN_OBJC_IMPLICIT_RETAIN_SELF = YES;
				CLANG_WARN_OBJC_LITERAL_CONVERSION = YES;
				CLANG_WARN_OBJC_ROOT_CLASS = YES_ERROR;
				CLANG_WARN_RANGE_LOOP_ANALYSIS = YES;
				CLANG_WARN_STRICT_PROTOTYPES = YES;
				CLANG_WARN_SUSPICIOUS_MOVE = YES;
				CLANG_WARN_UNREACHABLE_CODE = YES;
				CLANG_WARN__DUPLICATE_METHOD_MATCH = YES;
				CODE_SIGN_IDENTITY = "Apple Distribution";
				"CODE_SIGN_IDENTITY[sdk=iphoneos*]" = "Apple Distribution";
				COPY_PHASE_STRIP = NO;
				ENABLE_STRICT_OBJC_MSGSEND = YES;
				ENABLE_TESTABILITY = YES;
				GCC_C_LANGUAGE_STANDARD = gnu99;
				GCC_DYNAMIC_NO_PIC = NO;
				GCC_NO_COMMON_BLOCKS = YES;
				GCC_OPTIMIZATION_LEVEL = 0;
				GCC_PREPROCESSOR_DEFINITIONS = (
					"DEBUG=1",
					"$(inherited)",
				);
				GCC_SYMBOLS_PRIVATE_EXTERN = NO;
				GCC_WARN_64_TO_32_BIT_CONVERSION = YES;
				GCC_WARN_ABOUT_RETURN_TYPE = YES_ERROR;
				GCC_WARN_UNDECLARED_SELECTOR = YES;
				GCC_WARN_UNINITIALIZED_AUTOS = YES_AGGRESSIVE;
				GCC_WARN_UNUSED_FUNCTION = YES;
				GCC_WARN_UNUSED_VARIABLE = YES;
				IPHONEOS_DEPLOYMENT_TARGET = 17.0;
				LD_RUNPATH_SEARCH_PATHS = (
					/usr/lib/swift,
					"$(inherited)",
				);
				LIBRARY_SEARCH_PATHS = "$(SDKROOT)/usr/lib/swift\"$(inherited)\"";
				MTL_ENABLE_DEBUG_INFO = YES;
				ONLY_ACTIVE_ARCH = YES;
				OTHER_CFLAGS = (
					"$(inherited)",
					"-DRCT_REMOVE_LEGACY_ARCH=1",
				);
				OTHER_CPLUSPLUSFLAGS = (
					"$(inherited)",
					"-DRCT_REMOVE_LEGACY_ARCH=1",
				);
				REACT_NATIVE_PATH = "${PODS_ROOT}/../../../../node_modules/react-native";
				SDKROOT = iphoneos;
				SWIFT_ACTIVE_COMPILATION_CONDITIONS = "$(inherited) DEBUG";
				SWIFT_ENABLE_EXPLICIT_MODULES = NO;
				USE_HERMES = true;
			};
			name = Debug;
		};
		83CBBA211A601CBA00E9B192 /* Release */ = {
			isa = XCBuildConfiguration;
			buildSettings = {
				ALWAYS_SEARCH_USER_PATHS = NO;
				CLANG_ANALYZER_LOCALIZABILITY_NONLOCALIZED = YES;
				CLANG_CXX_LANGUAGE_STANDARD = "c++20";
				CLANG_CXX_LIBRARY = "libc++";
				CLANG_ENABLE_MODULES = YES;
				CLANG_ENABLE_OBJC_ARC = YES;
				CLANG_WARN_BLOCK_CAPTURE_AUTORELEASING = YES;
				CLANG_WARN_BOOL_CONVERSION = YES;
				CLANG_WARN_COMMA = YES;
				CLANG_WARN_CONSTANT_CONVERSION = YES;
				CLANG_WARN_DEPRECATED_OBJC_IMPLEMENTATIONS = YES;
				CLANG_WARN_DIRECT_OBJC_ISA_USAGE = YES_ERROR;
				CLANG_WARN_EMPTY_BODY = YES;
				CLANG_WARN_ENUM_CONVERSION = YES;
				CLANG_WARN_INFINITE_RECURSION = YES;
				CLANG_WARN_INT_CONVERSION = YES;
				CLANG_WARN_NON_LITERAL_NULL_CONVERSION = YES;
				CLANG_WARN_OBJC_IMPLICIT_RETAIN_SELF = YES;
				CLANG_WARN_OBJC_LITERAL_CONVERSION = YES;
				CLANG_WARN_OBJC_ROOT_CLASS = YES_ERROR;
				CLANG_WARN_RANGE_LOOP_ANALYSIS = YES;
				CLANG_WARN_STRICT_PROTOTYPES = YES;
				CLANG_WARN_SUSPICIOUS_MOVE = YES;
				CLANG_WARN_UNREACHABLE_CODE = YES;
				CLANG_WARN__DUPLICATE_METHOD_MATCH = YES;
				"CODE_SIGN_IDENTITY[sdk=iphoneos*]" = "Apple Distribution";
				COPY_PHASE_STRIP = YES;
				ENABLE_NS_ASSERTIONS = NO;
				ENABLE_STRICT_OBJC_MSGSEND = YES;
				GCC_C_LANGUAGE_STANDARD = gnu99;
				GCC_NO_COMMON_BLOCKS = YES;
				GCC_WARN_64_TO_32_BIT_CONVERSION = YES;
				GCC_WARN_ABOUT_RETURN_TYPE = YES_ERROR;
				GCC_WARN_UNDECLARED_SELECTOR = YES;
				GCC_WARN_UNINITIALIZED_AUTOS = YES_AGGRESSIVE;
				GCC_WARN_UNUSED_FUNCTION = YES;
				GCC_WARN_UNUSED_VARIABLE = YES;
				IPHONEOS_DEPLOYMENT_TARGET = 17.0;
				LD_RUNPATH_SEARCH_PATHS = (
					/usr/lib/swift,
					"$(inherited)",
				);
				LIBRARY_SEARCH_PATHS = "$(SDKROOT)/usr/lib/swift\"$(inherited)\"";
				MTL_ENABLE_DEBUG_INFO = NO;
				OTHER_CFLAGS = (
					"$(inherited)",
					"-DRCT_REMOVE_LEGACY_ARCH=1",
				);
				OTHER_CPLUSPLUSFLAGS = (
					"$(inherited)",
					"-DRCT_REMOVE_LEGACY_ARCH=1",
				);
				REACT_NATIVE_PATH = "${PODS_ROOT}/../../../../node_modules/react-native";
				SDKROOT = iphoneos;
				SWIFT_ENABLE_EXPLICIT_MODULES = NO;
				USE_HERMES = true;
				VALIDATE_PRODUCT = YES;
			};
			name = Release;
		};
		B09AED172903478C9952AD5C /* Debug */ = {
			isa = XCBuildConfiguration;
			baseConfigurationReference = 2BB457AC2A7198DD95F4C81D /* Pods-ExpoWidgetsTarget.debug.xcconfig */;
			buildSettings = {
				APPLICATION_EXTENSION_API_ONLY = YES;
				CODE_SIGN_ENTITLEMENTS = ExpoWidgetsTarget/ExpoWidgetsTarget.entitlements;
				CODE_SIGN_IDENTITY = "Apple Development";
				CODE_SIGN_STYLE = Automatic;
				CURRENT_PROJECT_VERSION = 116;
				DEVELOPMENT_TEAM = 29V892SJNN;
				GENERATE_INFOPLIST_FILE = YES;
				INFOPLIST_FILE = ExpoWidgetsTarget/Info.plist;
				INFOPLIST_KEY_CFBundleDisplayName = ExpoWidgetsTarget;
				INFOPLIST_KEY_NSHumanReadableCopyright = "";
				IPHONEOS_DEPLOYMENT_TARGET = 17.0;
				MARKETING_VERSION = 1.0.2;
				OTHER_SWIFT_FLAGS = "$(inherited) -D EXPO_CONFIGURATION_DEBUG";
				PRODUCT_BUNDLE_IDENTIFIER = ai.readmate.mobile.widgets;
				PRODUCT_NAME = "$(TARGET_NAME)";
				SWIFT_OPTIMIZATION_LEVEL = "-Onone";
				SWIFT_VERSION = 5.0;
				TARGETED_DEVICE_FAMILY = "1,2";
			};
			name = Debug;
		};
/* End XCBuildConfiguration section */

/* Begin XCConfigurationList section */
		13B07F931A680F5B00A75B9A /* Build configuration list for PBXNativeTarget "ReadMateAI" */ = {
			isa = XCConfigurationList;
			buildConfigurations = (
				13B07F941A680F5B00A75B9A /* Debug */,
				13B07F951A680F5B00A75B9A /* Release */,
			);
			defaultConfigurationIsVisible = 0;
			defaultConfigurationName = Release;
		};
		432A6BB717814BCD8F06AEDF /* Build configuration list for PBXNativeTarget "ExpoWidgetsTarget" */ = {
			isa = XCConfigurationList;
			buildConfigurations = (
				B09AED172903478C9952AD5C /* Debug */,
				2B6A1E911590497B931495BA /* Release */,
			);
			defaultConfigurationIsVisible = 0;
			defaultConfigurationName = Release;
		};
		83CBB9FA1A601CBA00E9B192 /* Build configuration list for PBXProject "ReadMateAI" */ = {
			isa = XCConfigurationList;
			buildConfigurations = (
				83CBBA201A601CBA00E9B192 /* Debug */,
				83CBBA211A601CBA00E9B192 /* Release */,
			);
			defaultConfigurationIsVisible = 0;
			defaultConfigurationName = Release;
		};
/* End XCConfigurationList section */
	};
	rootObject = 83CBB9F71A601CBA00E9B192 /* Project object */;
}
